
Microsoft Visual Studio Solution File, Format Version 12.00
# Visual Studio Version 17
VisualStudioVersion = 17.9.34714.143
MinimumVisualStudioVersion = 10.0.40219.1
Project("{54435603-DBB4-11D2-8724-00A0C9A8B90C}") = "RetroStoreSetup", "RetroStoreSetup\RetroStoreSetup.vdproj", "{BB85A1B8-7311-44C3-AAF2-9AAE771AC37A}"
EndProject
Global
	GlobalSection(SolutionConfigurationPlatforms) = preSolution
		Debug|Default = Debug|Default
		Release|Default = Release|Default
	EndGlobalSection
	GlobalSection(ProjectConfigurationPlatforms) = postSolution
		{BB85A1B8-7311-44C3-AAF2-9AAE771AC37A}.Debug|Default.ActiveCfg = Debug
		{BB85A1B8-7311-44C3-AAF2-9AAE771AC37A}.Debug|Default.Build.0 = Debug
		{BB85A1B8-7311-44C3-AAF2-9AAE771AC37A}.Release|Default.ActiveCfg = Release
		{BB85A1B8-7311-44C3-AAF2-9AAE771AC37A}.Release|Default.Build.0 = Release
	EndGlobalSection
	GlobalSection(SolutionProperties) = preSolution
		HideSolutionNode = FALSE
	EndGlobalSection
	GlobalSection(ExtensibilityGlobals) = postSolution
		SolutionGuid = {118773EB-C588-4273-A43D-DC0E50E54F89}
	EndGlobalSection
EndGlobal
