
Microsoft Visual Studio Solution File, Format Version 12.00
# Visual Studio Version 17
VisualStudioVersion = 17.9.34714.143
MinimumVisualStudioVersion = 10.0.40219.1
Project("{F184B08F-C81C-45F6-A57F-5ABD9991F28F}") = "Retrostore", "Retrostore\Retrostore.vbproj", "{5BFC086C-0925-4793-9FA1-16252A373CA9}"
EndProject
Global
	GlobalSection(SolutionConfigurationPlatforms) = preSolution
		Debug|Any CPU = Debug|Any CPU
		Release|Any CPU = Release|Any CPU
	EndGlobalSection
	GlobalSection(ProjectConfigurationPlatforms) = postSolution
		{5BFC086C-0925-4793-9FA1-16252A373CA9}.Debug|Any CPU.ActiveCfg = Debug|Any CPU
		{5BFC086C-0925-4793-9FA1-16252A373CA9}.Debug|Any CPU.Build.0 = Debug|Any CPU
		{5BFC086C-0925-4793-9FA1-16252A373CA9}.Release|Any CPU.ActiveCfg = Release|Any CPU
		{5BFC086C-0925-4793-9FA1-16252A373CA9}.Release|Any CPU.Build.0 = Release|Any CPU
	EndGlobalSection
	GlobalSection(SolutionProperties) = preSolution
		HideSolutionNode = FALSE
	EndGlobalSection
	GlobalSection(ExtensibilityGlobals) = postSolution
		SolutionGuid = {F23AEC3C-2BF1-4785-ADB2-7026E7D983AE}
	EndGlobalSection
EndGlobal
